
Microsoft Visual Studio Solution File, Format Version 12.00
# Visual Studio Version 16
VisualStudioVersion = 16.0.29728.190
MinimumVisualStudioVersion = 10.0.40219.1
Project("{FAE04EC0-301F-11D3-BF4B-00C04F79EFBC}") = "Snake Game", "Snake Game\Snake Game.csproj", "{3D895965-E81D-41F6-8EBF-30622A0840B1}"
EndProject
Global
	GlobalSection(SolutionConfigurationPlatforms) = preSolution
		Debug|Any CPU = Debug|Any CPU
		Release|Any CPU = Release|Any CPU
	EndGlobalSection
	GlobalSection(ProjectConfigurationPlatforms) = postSolution
		{3D895965-E81D-41F6-8EBF-30622A0840B1}.Debug|Any CPU.ActiveCfg = Debug|Any CPU
		{3D895965-E81D-41F6-8EBF-30622A0840B1}.Debug|Any CPU.Build.0 = Debug|Any CPU
		{3D895965-E81D-41F6-8EBF-30622A0840B1}.Release|Any CPU.ActiveCfg = Release|Any CPU
		{3D895965-E81D-41F6-8EBF-30622A0840B1}.Release|Any CPU.Build.0 = Release|Any CPU
	EndGlobalSection
	GlobalSection(SolutionProperties) = preSolution
		HideSolutionNode = FALSE
	EndGlobalSection
	GlobalSection(ExtensibilityGlobals) = postSolution
		SolutionGuid = {8C7ABCA7-79B0-407C-BCE8-ECD290D3AFD4}
	EndGlobalSection
EndGlobal
